
Microsoft Visual Studio Solution File, Format Version 12.00
# Visual Studio Version 17
VisualStudioVersion = 17.6.33723.286
MinimumVisualStudioVersion = 10.0.40219.1
Project("{8BC9CEB8-8B4A-11D0-8D11-00A0C91BC942}") = "ds-贪婪算法 互斥字符串", "数据结构.vcxproj", "{510340B8-1415-41F5-81F3-C50C2B0F694C}"
EndProject
Project("{8BC9CEB8-8B4A-11D0-8D11-00A0C91BC942}") = "ds-基数排序", "..\ds-基数排序\ds-基数排序.vcxproj", "{0235221D-F22C-4099-BCCD-5C7F7F4C775A}"
EndProject
Project("{8BC9CEB8-8B4A-11D0-8D11-00A0C91BC942}") = "ds-有序线性表合并", "..\ds-有序线性表合并\ds-有序线性表合并.vcxproj", "{9D60A773-67A2-4A2E-93D0-ADB1236361CD}"
EndProject
Project("{8BC9CEB8-8B4A-11D0-8D11-00A0C91BC942}") = "ds-约瑟夫环问题", "..\ds-约瑟夫环问题\ds-约瑟夫环问题.vcxproj", "{39B1FDD9-270D-4AB5-B321-DF772F061965}"
EndProject
Project("{8BC9CEB8-8B4A-11D0-8D11-00A0C91BC942}") = "ds-表达式求值", "..\ds-表达式求值\ds-表达式求值.vcxproj", "{22D0F1F8-96AC-4391-A4EE-A519D0C9EAD2}"
EndProject
Project("{8BC9CEB8-8B4A-11D0-8D11-00A0C91BC942}") = "linux路径", "..\linux路径\linux路径.vcxproj", "{D231B68A-FC63-4A5E-B4F8-25269F10DD84}"
EndProject
Project("{8BC9CEB8-8B4A-11D0-8D11-00A0C91BC942}") = "test01", "..\实验\实验.vcxproj", "{1EBA28F9-0C67-4CAC-878D-A8EA76808801}"
EndProject
Project("{8BC9CEB8-8B4A-11D0-8D11-00A0C91BC942}") = "二元一次多项式求幂", "..\二元一次多项式求幂\二元一次多项式求幂.vcxproj", "{6C94BA6A-CF79-463C-AA30-E3C8CDBC2AB6}"
EndProject
Project("{8BC9CEB8-8B4A-11D0-8D11-00A0C91BC942}") = "二元一次多项式的幂（大整数）", "..\二元一次多项式的幂（大整数）\二元一次多项式的幂（大整数）.vcxproj", "{76569A44-15C7-46B1-B2FD-1474E0B0066C}"
EndProject
Project("{8BC9CEB8-8B4A-11D0-8D11-00A0C91BC942}") = "根据next数组推导模式字符串", "..\根据next数组推导模式字符串\根据next数组推导模式字符串.vcxproj", "{D8D8B1CE-184E-4090-883D-8CADD658293C}"
EndProject
Project("{8BC9CEB8-8B4A-11D0-8D11-00A0C91BC942}") = "字符串应用-实现KMP匹配算法", "..\字符串应用-实现KMP匹配算法\字符串应用-实现KMP匹配算法.vcxproj", "{1786C37A-2FCA-4FCB-98C6-661C50F50AA2}"
EndProject
Project("{8BC9CEB8-8B4A-11D0-8D11-00A0C91BC942}") = "test02", "..\test02\test02.vcxproj", "{54EAF23B-3EBA-4EBC-9AFE-2D01E06FD98F}"
EndProject
Project("{8BC9CEB8-8B4A-11D0-8D11-00A0C91BC942}") = "test00", "..\test00\test00.vcxproj", "{6A2EAD9B-0421-4CC3-883B-4354EF6AAA6F}"
EndProject
Project("{8BC9CEB8-8B4A-11D0-8D11-00A0C91BC942}") = "test03", "..\test03\test03.vcxproj", "{4B756F5F-5090-4D77-982A-CC5C34723053}"
EndProject
Project("{8BC9CEB8-8B4A-11D0-8D11-00A0C91BC942}") = "旋转的矩阵", "..\旋转的矩阵\旋转的矩阵.vcxproj", "{CDE113E4-07C0-44FC-93E0-13055A92EE02}"
EndProject
Project("{8BC9CEB8-8B4A-11D0-8D11-00A0C91BC942}") = "三元组表示的稀疏矩阵的乘法运算", "..\三元组表示的稀疏矩阵的乘法运算\三元组表示的稀疏矩阵的乘法运算.vcxproj", "{E33943A5-2102-44C4-BEA7-B393E0957E3F}"
EndProject
Project("{8BC9CEB8-8B4A-11D0-8D11-00A0C91BC942}") = "判断布尔矩阵的奇偶性", "..\判断布尔矩阵的奇偶性\判断布尔矩阵的奇偶性.vcxproj", "{76165E2E-9DB6-4039-AD1D-260510995AE2}"
EndProject
Project("{8BC9CEB8-8B4A-11D0-8D11-00A0C91BC942}") = "完全二叉树的先序遍历", "..\完全二叉树的先序遍历\完全二叉树的先序遍历.vcxproj", "{794A5594-8519-47F0-A59B-1EA29C7ABF17}"
EndProject
Project("{8BC9CEB8-8B4A-11D0-8D11-00A0C91BC942}") = "哈夫曼树A", "..\哈夫曼树A\哈夫曼树A.vcxproj", "{3F187C0E-E5B1-438E-B475-499F333DBEC4}"
EndProject
Project("{8BC9CEB8-8B4A-11D0-8D11-00A0C91BC942}") = "求整数最大间隔-性能（hash算法应用）", "..\求整数最大间隔-性能（hash算法应用）\求整数最大间隔-性能（hash算法应用）.vcxproj", "{354E11FC-7808-43C7-ABCC-A1F5EF9F2609}"
EndProject
Project("{8BC9CEB8-8B4A-11D0-8D11-00A0C91BC942}") = "村庄是否联通", "..\村庄是否联通\村庄是否联通.vcxproj", "{5F0D8640-BEE7-44CB-AABF-D84DBB24E9E4}"
EndProject
Project("{8BC9CEB8-8B4A-11D0-8D11-00A0C91BC942}") = "创建AVL树并判断是否为完全二叉树", "..\创建AVL树并判断是否为完全二叉树\创建AVL树并判断是否为完全二叉树.vcxproj", "{6E2B0E00-4491-44DE-BA43-6C6C7AD41562}"
EndProject
Project("{8BC9CEB8-8B4A-11D0-8D11-00A0C91BC942}") = "创建RB树", "..\创建RB树\创建RB树.vcxproj", "{0BE9DBC8-21B4-4491-9D1F-4BD44500CC42}"
EndProject
Global
	GlobalSection(SolutionConfigurationPlatforms) = preSolution
		Debug|x64 = Debug|x64
		Debug|x86 = Debug|x86
		Release|x64 = Release|x64
		Release|x86 = Release|x86
	EndGlobalSection
	GlobalSection(ProjectConfigurationPlatforms) = postSolution
		{510340B8-1415-41F5-81F3-C50C2B0F694C}.Debug|x64.ActiveCfg = Debug|x64
		{510340B8-1415-41F5-81F3-C50C2B0F694C}.Debug|x64.Build.0 = Debug|x64
		{510340B8-1415-41F5-81F3-C50C2B0F694C}.Debug|x86.ActiveCfg = Debug|Win32
		{510340B8-1415-41F5-81F3-C50C2B0F694C}.Debug|x86.Build.0 = Debug|Win32
		{510340B8-1415-41F5-81F3-C50C2B0F694C}.Release|x64.ActiveCfg = Release|x64
		{510340B8-1415-41F5-81F3-C50C2B0F694C}.Release|x64.Build.0 = Release|x64
		{510340B8-1415-41F5-81F3-C50C2B0F694C}.Release|x86.ActiveCfg = Release|Win32
		{510340B8-1415-41F5-81F3-C50C2B0F694C}.Release|x86.Build.0 = Release|Win32
		{0235221D-F22C-4099-BCCD-5C7F7F4C775A}.Debug|x64.ActiveCfg = Debug|x64
		{0235221D-F22C-4099-BCCD-5C7F7F4C775A}.Debug|x64.Build.0 = Debug|x64
		{0235221D-F22C-4099-BCCD-5C7F7F4C775A}.Debug|x86.ActiveCfg = Debug|Win32
		{0235221D-F22C-4099-BCCD-5C7F7F4C775A}.Debug|x86.Build.0 = Debug|Win32
		{0235221D-F22C-4099-BCCD-5C7F7F4C775A}.Release|x64.ActiveCfg = Release|x64
		{0235221D-F22C-4099-BCCD-5C7F7F4C775A}.Release|x64.Build.0 = Release|x64
		{0235221D-F22C-4099-BCCD-5C7F7F4C775A}.Release|x86.ActiveCfg = Release|Win32
		{0235221D-F22C-4099-BCCD-5C7F7F4C775A}.Release|x86.Build.0 = Release|Win32
		{9D60A773-67A2-4A2E-93D0-ADB1236361CD}.Debug|x64.ActiveCfg = Debug|x64
		{9D60A773-67A2-4A2E-93D0-ADB1236361CD}.Debug|x64.Build.0 = Debug|x64
		{9D60A773-67A2-4A2E-93D0-ADB1236361CD}.Debug|x86.ActiveCfg = Debug|Win32
		{9D60A773-67A2-4A2E-93D0-ADB1236361CD}.Debug|x86.Build.0 = Debug|Win32
		{9D60A773-67A2-4A2E-93D0-ADB1236361CD}.Release|x64.ActiveCfg = Release|x64
		{9D60A773-67A2-4A2E-93D0-ADB1236361CD}.Release|x64.Build.0 = Release|x64
		{9D60A773-67A2-4A2E-93D0-ADB1236361CD}.Release|x86.ActiveCfg = Release|Win32
		{9D60A773-67A2-4A2E-93D0-ADB1236361CD}.Release|x86.Build.0 = Release|Win32
		{39B1FDD9-270D-4AB5-B321-DF772F061965}.Debug|x64.ActiveCfg = Debug|x64
		{39B1FDD9-270D-4AB5-B321-DF772F061965}.Debug|x64.Build.0 = Debug|x64
		{39B1FDD9-270D-4AB5-B321-DF772F061965}.Debug|x86.ActiveCfg = Debug|Win32
		{39B1FDD9-270D-4AB5-B321-DF772F061965}.Debug|x86.Build.0 = Debug|Win32
		{39B1FDD9-270D-4AB5-B321-DF772F061965}.Release|x64.ActiveCfg = Release|x64
		{39B1FDD9-270D-4AB5-B321-DF772F061965}.Release|x64.Build.0 = Release|x64
		{39B1FDD9-270D-4AB5-B321-DF772F061965}.Release|x86.ActiveCfg = Release|Win32
		{39B1FDD9-270D-4AB5-B321-DF772F061965}.Release|x86.Build.0 = Release|Win32
		{22D0F1F8-96AC-4391-A4EE-A519D0C9EAD2}.Debug|x64.ActiveCfg = Debug|x64
		{22D0F1F8-96AC-4391-A4EE-A519D0C9EAD2}.Debug|x64.Build.0 = Debug|x64
		{22D0F1F8-96AC-4391-A4EE-A519D0C9EAD2}.Debug|x86.ActiveCfg = Debug|Win32
		{22D0F1F8-96AC-4391-A4EE-A519D0C9EAD2}.Debug|x86.Build.0 = Debug|Win32
		{22D0F1F8-96AC-4391-A4EE-A519D0C9EAD2}.Release|x64.ActiveCfg = Release|x64
		{22D0F1F8-96AC-4391-A4EE-A519D0C9EAD2}.Release|x64.Build.0 = Release|x64
		{22D0F1F8-96AC-4391-A4EE-A519D0C9EAD2}.Release|x86.ActiveCfg = Release|Win32
		{22D0F1F8-96AC-4391-A4EE-A519D0C9EAD2}.Release|x86.Build.0 = Release|Win32
		{D231B68A-FC63-4A5E-B4F8-25269F10DD84}.Debug|x64.ActiveCfg = Debug|x64
		{D231B68A-FC63-4A5E-B4F8-25269F10DD84}.Debug|x64.Build.0 = Debug|x64
		{D231B68A-FC63-4A5E-B4F8-25269F10DD84}.Debug|x86.ActiveCfg = Debug|Win32
		{D231B68A-FC63-4A5E-B4F8-25269F10DD84}.Debug|x86.Build.0 = Debug|Win32
		{D231B68A-FC63-4A5E-B4F8-25269F10DD84}.Release|x64.ActiveCfg = Release|x64
		{D231B68A-FC63-4A5E-B4F8-25269F10DD84}.Release|x64.Build.0 = Release|x64
		{D231B68A-FC63-4A5E-B4F8-25269F10DD84}.Release|x86.ActiveCfg = Release|Win32
		{D231B68A-FC63-4A5E-B4F8-25269F10DD84}.Release|x86.Build.0 = Release|Win32
		{1EBA28F9-0C67-4CAC-878D-A8EA76808801}.Debug|x64.ActiveCfg = Debug|x64
		{1EBA28F9-0C67-4CAC-878D-A8EA76808801}.Debug|x64.Build.0 = Debug|x64
		{1EBA28F9-0C67-4CAC-878D-A8EA76808801}.Debug|x86.ActiveCfg = Debug|Win32
		{1EBA28F9-0C67-4CAC-878D-A8EA76808801}.Debug|x86.Build.0 = Debug|Win32
		{1EBA28F9-0C67-4CAC-878D-A8EA76808801}.Release|x64.ActiveCfg = Release|x64
		{1EBA28F9-0C67-4CAC-878D-A8EA76808801}.Release|x64.Build.0 = Release|x64
		{1EBA28F9-0C67-4CAC-878D-A8EA76808801}.Release|x86.ActiveCfg = Release|Win32
		{1EBA28F9-0C67-4CAC-878D-A8EA76808801}.Release|x86.Build.0 = Release|Win32
		{6C94BA6A-CF79-463C-AA30-E3C8CDBC2AB6}.Debug|x64.ActiveCfg = Debug|x64
		{6C94BA6A-CF79-463C-AA30-E3C8CDBC2AB6}.Debug|x64.Build.0 = Debug|x64
		{6C94BA6A-CF79-463C-AA30-E3C8CDBC2AB6}.Debug|x86.ActiveCfg = Debug|Win32
		{6C94BA6A-CF79-463C-AA30-E3C8CDBC2AB6}.Debug|x86.Build.0 = Debug|Win32
		{6C94BA6A-CF79-463C-AA30-E3C8CDBC2AB6}.Release|x64.ActiveCfg = Release|x64
		{6C94BA6A-CF79-463C-AA30-E3C8CDBC2AB6}.Release|x64.Build.0 = Release|x64
		{6C94BA6A-CF79-463C-AA30-E3C8CDBC2AB6}.Release|x86.ActiveCfg = Release|Win32
		{6C94BA6A-CF79-463C-AA30-E3C8CDBC2AB6}.Release|x86.Build.0 = Release|Win32
		{76569A44-15C7-46B1-B2FD-1474E0B0066C}.Debug|x64.ActiveCfg = Debug|x64
		{76569A44-15C7-46B1-B2FD-1474E0B0066C}.Debug|x64.Build.0 = Debug|x64
		{76569A44-15C7-46B1-B2FD-1474E0B0066C}.Debug|x86.ActiveCfg = Debug|Win32
		{76569A44-15C7-46B1-B2FD-1474E0B0066C}.Debug|x86.Build.0 = Debug|Win32
		{76569A44-15C7-46B1-B2FD-1474E0B0066C}.Release|x64.ActiveCfg = Release|x64
		{76569A44-15C7-46B1-B2FD-1474E0B0066C}.Release|x64.Build.0 = Release|x64
		{76569A44-15C7-46B1-B2FD-1474E0B0066C}.Release|x86.ActiveCfg = Release|Win32
		{76569A44-15C7-46B1-B2FD-1474E0B0066C}.Release|x86.Build.0 = Release|Win32
		{D8D8B1CE-184E-4090-883D-8CADD658293C}.Debug|x64.ActiveCfg = Debug|x64
		{D8D8B1CE-184E-4090-883D-8CADD658293C}.Debug|x64.Build.0 = Debug|x64
		{D8D8B1CE-184E-4090-883D-8CADD658293C}.Debug|x86.ActiveCfg = Debug|Win32
		{D8D8B1CE-184E-4090-883D-8CADD658293C}.Debug|x86.Build.0 = Debug|Win32
		{D8D8B1CE-184E-4090-883D-8CADD658293C}.Release|x64.ActiveCfg = Release|x64
		{D8D8B1CE-184E-4090-883D-8CADD658293C}.Release|x64.Build.0 = Release|x64
		{D8D8B1CE-184E-4090-883D-8CADD658293C}.Release|x86.ActiveCfg = Release|Win32
		{D8D8B1CE-184E-4090-883D-8CADD658293C}.Release|x86.Build.0 = Release|Win32
		{1786C37A-2FCA-4FCB-98C6-661C50F50AA2}.Debug|x64.ActiveCfg = Debug|x64
		{1786C37A-2FCA-4FCB-98C6-661C50F50AA2}.Debug|x64.Build.0 = Debug|x64
		{1786C37A-2FCA-4FCB-98C6-661C50F50AA2}.Debug|x86.ActiveCfg = Debug|Win32
		{1786C37A-2FCA-4FCB-98C6-661C50F50AA2}.Debug|x86.Build.0 = Debug|Win32
		{1786C37A-2FCA-4FCB-98C6-661C50F50AA2}.Release|x64.ActiveCfg = Release|x64
		{1786C37A-2FCA-4FCB-98C6-661C50F50AA2}.Release|x64.Build.0 = Release|x64
		{1786C37A-2FCA-4FCB-98C6-661C50F50AA2}.Release|x86.ActiveCfg = Release|Win32
		{1786C37A-2FCA-4FCB-98C6-661C50F50AA2}.Release|x86.Build.0 = Release|Win32
		{54EAF23B-3EBA-4EBC-9AFE-2D01E06FD98F}.Debug|x64.ActiveCfg = Debug|x64
		{54EAF23B-3EBA-4EBC-9AFE-2D01E06FD98F}.Debug|x64.Build.0 = Debug|x64
		{54EAF23B-3EBA-4EBC-9AFE-2D01E06FD98F}.Debug|x86.ActiveCfg = Debug|Win32
		{54EAF23B-3EBA-4EBC-9AFE-2D01E06FD98F}.Debug|x86.Build.0 = Debug|Win32
		{54EAF23B-3EBA-4EBC-9AFE-2D01E06FD98F}.Release|x64.ActiveCfg = Release|x64
		{54EAF23B-3EBA-4EBC-9AFE-2D01E06FD98F}.Release|x64.Build.0 = Release|x64
		{54EAF23B-3EBA-4EBC-9AFE-2D01E06FD98F}.Release|x86.ActiveCfg = Release|Win32
		{54EAF23B-3EBA-4EBC-9AFE-2D01E06FD98F}.Release|x86.Build.0 = Release|Win32
		{6A2EAD9B-0421-4CC3-883B-4354EF6AAA6F}.Debug|x64.ActiveCfg = Debug|x64
		{6A2EAD9B-0421-4CC3-883B-4354EF6AAA6F}.Debug|x64.Build.0 = Debug|x64
		{6A2EAD9B-0421-4CC3-883B-4354EF6AAA6F}.Debug|x86.ActiveCfg = Debug|Win32
		{6A2EAD9B-0421-4CC3-883B-4354EF6AAA6F}.Debug|x86.Build.0 = Debug|Win32
		{6A2EAD9B-0421-4CC3-883B-4354EF6AAA6F}.Release|x64.ActiveCfg = Release|x64
		{6A2EAD9B-0421-4CC3-883B-4354EF6AAA6F}.Release|x64.Build.0 = Release|x64
		{6A2EAD9B-0421-4CC3-883B-4354EF6AAA6F}.Release|x86.ActiveCfg = Release|Win32
		{6A2EAD9B-0421-4CC3-883B-4354EF6AAA6F}.Release|x86.Build.0 = Release|Win32
		{4B756F5F-5090-4D77-982A-CC5C34723053}.Debug|x64.ActiveCfg = Debug|x64
		{4B756F5F-5090-4D77-982A-CC5C34723053}.Debug|x64.Build.0 = Debug|x64
		{4B756F5F-5090-4D77-982A-CC5C34723053}.Debug|x86.ActiveCfg = Debug|Win32
		{4B756F5F-5090-4D77-982A-CC5C34723053}.Debug|x86.Build.0 = Debug|Win32
		{4B756F5F-5090-4D77-982A-CC5C34723053}.Release|x64.ActiveCfg = Release|x64
		{4B756F5F-5090-4D77-982A-CC5C34723053}.Release|x64.Build.0 = Release|x64
		{4B756F5F-5090-4D77-982A-CC5C34723053}.Release|x86.ActiveCfg = Release|Win32
		{4B756F5F-5090-4D77-982A-CC5C34723053}.Release|x86.Build.0 = Release|Win32
		{CDE113E4-07C0-44FC-93E0-13055A92EE02}.Debug|x64.ActiveCfg = Debug|x64
		{CDE113E4-07C0-44FC-93E0-13055A92EE02}.Debug|x64.Build.0 = Debug|x64
		{CDE113E4-07C0-44FC-93E0-13055A92EE02}.Debug|x86.ActiveCfg = Debug|Win32
		{CDE113E4-07C0-44FC-93E0-13055A92EE02}.Debug|x86.Build.0 = Debug|Win32
		{CDE113E4-07C0-44FC-93E0-13055A92EE02}.Release|x64.ActiveCfg = Release|x64
		{CDE113E4-07C0-44FC-93E0-13055A92EE02}.Release|x64.Build.0 = Release|x64
		{CDE113E4-07C0-44FC-93E0-13055A92EE02}.Release|x86.ActiveCfg = Release|Win32
		{CDE113E4-07C0-44FC-93E0-13055A92EE02}.Release|x86.Build.0 = Release|Win32
		{E33943A5-2102-44C4-BEA7-B393E0957E3F}.Debug|x64.ActiveCfg = Debug|x64
		{E33943A5-2102-44C4-BEA7-B393E0957E3F}.Debug|x64.Build.0 = Debug|x64
		{E33943A5-2102-44C4-BEA7-B393E0957E3F}.Debug|x86.ActiveCfg = Debug|Win32
		{E33943A5-2102-44C4-BEA7-B393E0957E3F}.Debug|x86.Build.0 = Debug|Win32
		{E33943A5-2102-44C4-BEA7-B393E0957E3F}.Release|x64.ActiveCfg = Release|x64
		{E33943A5-2102-44C4-BEA7-B393E0957E3F}.Release|x64.Build.0 = Release|x64
		{E33943A5-2102-44C4-BEA7-B393E0957E3F}.Release|x86.ActiveCfg = Release|Win32
		{E33943A5-2102-44C4-BEA7-B393E0957E3F}.Release|x86.Build.0 = Release|Win32
		{76165E2E-9DB6-4039-AD1D-260510995AE2}.Debug|x64.ActiveCfg = Debug|x64
		{76165E2E-9DB6-4039-AD1D-260510995AE2}.Debug|x64.Build.0 = Debug|x64
		{76165E2E-9DB6-4039-AD1D-260510995AE2}.Debug|x86.ActiveCfg = Debug|Win32
		{76165E2E-9DB6-4039-AD1D-260510995AE2}.Debug|x86.Build.0 = Debug|Win32
		{76165E2E-9DB6-4039-AD1D-260510995AE2}.Release|x64.ActiveCfg = Release|x64
		{76165E2E-9DB6-4039-AD1D-260510995AE2}.Release|x64.Build.0 = Release|x64
		{76165E2E-9DB6-4039-AD1D-260510995AE2}.Release|x86.ActiveCfg = Release|Win32
		{76165E2E-9DB6-4039-AD1D-260510995AE2}.Release|x86.Build.0 = Release|Win32
		{794A5594-8519-47F0-A59B-1EA29C7ABF17}.Debug|x64.ActiveCfg = Debug|x64
		{794A5594-8519-47F0-A59B-1EA29C7ABF17}.Debug|x64.Build.0 = Debug|x64
		{794A5594-8519-47F0-A59B-1EA29C7ABF17}.Debug|x86.ActiveCfg = Debug|Win32
		{794A5594-8519-47F0-A59B-1EA29C7ABF17}.Debug|x86.Build.0 = Debug|Win32
		{794A5594-8519-47F0-A59B-1EA29C7ABF17}.Release|x64.ActiveCfg = Release|x64
		{794A5594-8519-47F0-A59B-1EA29C7ABF17}.Release|x64.Build.0 = Release|x64
		{794A5594-8519-47F0-A59B-1EA29C7ABF17}.Release|x86.ActiveCfg = Release|Win32
		{794A5594-8519-47F0-A59B-1EA29C7ABF17}.Release|x86.Build.0 = Release|Win32
		{3F187C0E-E5B1-438E-B475-499F333DBEC4}.Debug|x64.ActiveCfg = Debug|x64
		{3F187C0E-E5B1-438E-B475-499F333DBEC4}.Debug|x64.Build.0 = Debug|x64
		{3F187C0E-E5B1-438E-B475-499F333DBEC4}.Debug|x86.ActiveCfg = Debug|Win32
		{3F187C0E-E5B1-438E-B475-499F333DBEC4}.Debug|x86.Build.0 = Debug|Win32
		{3F187C0E-E5B1-438E-B475-499F333DBEC4}.Release|x64.ActiveCfg = Release|x64
		{3F187C0E-E5B1-438E-B475-499F333DBEC4}.Release|x64.Build.0 = Release|x64
		{3F187C0E-E5B1-438E-B475-499F333DBEC4}.Release|x86.ActiveCfg = Release|Win32
		{3F187C0E-E5B1-438E-B475-499F333DBEC4}.Release|x86.Build.0 = Release|Win32
		{354E11FC-7808-43C7-ABCC-A1F5EF9F2609}.Debug|x64.ActiveCfg = Debug|x64
		{354E11FC-7808-43C7-ABCC-A1F5EF9F2609}.Debug|x64.Build.0 = Debug|x64
		{354E11FC-7808-43C7-ABCC-A1F5EF9F2609}.Debug|x86.ActiveCfg = Debug|Win32
		{354E11FC-7808-43C7-ABCC-A1F5EF9F2609}.Debug|x86.Build.0 = Debug|Win32
		{354E11FC-7808-43C7-ABCC-A1F5EF9F2609}.Release|x64.ActiveCfg = Release|x64
		{354E11FC-7808-43C7-ABCC-A1F5EF9F2609}.Release|x64.Build.0 = Release|x64
		{354E11FC-7808-43C7-ABCC-A1F5EF9F2609}.Release|x86.ActiveCfg = Release|Win32
		{354E11FC-7808-43C7-ABCC-A1F5EF9F2609}.Release|x86.Build.0 = Release|Win32
		{5F0D8640-BEE7-44CB-AABF-D84DBB24E9E4}.Debug|x64.ActiveCfg = Debug|x64
		{5F0D8640-BEE7-44CB-AABF-D84DBB24E9E4}.Debug|x64.Build.0 = Debug|x64
		{5F0D8640-BEE7-44CB-AABF-D84DBB24E9E4}.Debug|x86.ActiveCfg = Debug|Win32
		{5F0D8640-BEE7-44CB-AABF-D84DBB24E9E4}.Debug|x86.Build.0 = Debug|Win32
		{5F0D8640-BEE7-44CB-AABF-D84DBB24E9E4}.Release|x64.ActiveCfg = Release|x64
		{5F0D8640-BEE7-44CB-AABF-D84DBB24E9E4}.Release|x64.Build.0 = Release|x64
		{5F0D8640-BEE7-44CB-AABF-D84DBB24E9E4}.Release|x86.ActiveCfg = Release|Win32
		{5F0D8640-BEE7-44CB-AABF-D84DBB24E9E4}.Release|x86.Build.0 = Release|Win32
		{6E2B0E00-4491-44DE-BA43-6C6C7AD41562}.Debug|x64.ActiveCfg = Debug|x64
		{6E2B0E00-4491-44DE-BA43-6C6C7AD41562}.Debug|x64.Build.0 = Debug|x64
		{6E2B0E00-4491-44DE-BA43-6C6C7AD41562}.Debug|x86.ActiveCfg = Debug|Win32
		{6E2B0E00-4491-44DE-BA43-6C6C7AD41562}.Debug|x86.Build.0 = Debug|Win32
		{6E2B0E00-4491-44DE-BA43-6C6C7AD41562}.Release|x64.ActiveCfg = Release|x64
		{6E2B0E00-4491-44DE-BA43-6C6C7AD41562}.Release|x64.Build.0 = Release|x64
		{6E2B0E00-4491-44DE-BA43-6C6C7AD41562}.Release|x86.ActiveCfg = Release|Win32
		{6E2B0E00-4491-44DE-BA43-6C6C7AD41562}.Release|x86.Build.0 = Release|Win32
		{0BE9DBC8-21B4-4491-9D1F-4BD44500CC42}.Debug|x64.ActiveCfg = Debug|x64
		{0BE9DBC8-21B4-4491-9D1F-4BD44500CC42}.Debug|x64.Build.0 = Debug|x64
		{0BE9DBC8-21B4-4491-9D1F-4BD44500CC42}.Debug|x86.ActiveCfg = Debug|Win32
		{0BE9DBC8-21B4-4491-9D1F-4BD44500CC42}.Debug|x86.Build.0 = Debug|Win32
		{0BE9DBC8-21B4-4491-9D1F-4BD44500CC42}.Release|x64.ActiveCfg = Release|x64
		{0BE9DBC8-21B4-4491-9D1F-4BD44500CC42}.Release|x64.Build.0 = Release|x64
		{0BE9DBC8-21B4-4491-9D1F-4BD44500CC42}.Release|x86.ActiveCfg = Release|Win32
		{0BE9DBC8-21B4-4491-9D1F-4BD44500CC42}.Release|x86.Build.0 = Release|Win32
	EndGlobalSection
	GlobalSection(SolutionProperties) = preSolution
		HideSolutionNode = FALSE
	EndGlobalSection
	GlobalSection(ExtensibilityGlobals) = postSolution
		SolutionGuid = {B9CC0927-84D6-49E9-A571-E199673F45B4}
	EndGlobalSection
EndGlobal
