
Microsoft Visual Studio Solution File, Format Version 12.00
# Visual Studio Version 17
VisualStudioVersion = 17.5.33530.505
MinimumVisualStudioVersion = 10.0.40219.1
Project("{8BC9CEB8-8B4A-11D0-8D11-00A0C91BC942}") = "C++", "C++.vcxproj", "{867529AF-9C7F-4BF2-8BE2-EE06AE994634}"
EndProject
Global
	GlobalSection(SolutionConfigurationPlatforms) = preSolution
		Debug|x64 = Debug|x64
		Debug|x86 = Debug|x86
		Release|x64 = Release|x64
		Release|x86 = Release|x86
	EndGlobalSection
	GlobalSection(ProjectConfigurationPlatforms) = postSolution
		{867529AF-9C7F-4BF2-8BE2-EE06AE994634}.Debug|x64.ActiveCfg = Debug|x64
		{867529AF-9C7F-4BF2-8BE2-EE06AE994634}.Debug|x64.Build.0 = Debug|x64
		{867529AF-9C7F-4BF2-8BE2-EE06AE994634}.Debug|x86.ActiveCfg = Debug|Win32
		{867529AF-9C7F-4BF2-8BE2-EE06AE994634}.Debug|x86.Build.0 = Debug|Win32
		{867529AF-9C7F-4BF2-8BE2-EE06AE994634}.Release|x64.ActiveCfg = Release|x64
		{867529AF-9C7F-4BF2-8BE2-EE06AE994634}.Release|x64.Build.0 = Release|x64
		{867529AF-9C7F-4BF2-8BE2-EE06AE994634}.Release|x86.ActiveCfg = Release|Win32
		{867529AF-9C7F-4BF2-8BE2-EE06AE994634}.Release|x86.Build.0 = Release|Win32
	EndGlobalSection
	GlobalSection(SolutionProperties) = preSolution
		HideSolutionNode = FALSE
	EndGlobalSection
	GlobalSection(ExtensibilityGlobals) = postSolution
		SolutionGuid = {D23FEA3A-006E-400C-B825-52D10206553E}
	EndGlobalSection
EndGlobal
